
Microsoft Visual Studio Solution File, Format Version 12.00
# Visual Studio 15
VisualStudioVersion = 15.0.27428.1
MinimumVisualStudioVersion = 10.0.40219.1
Project("{FAE04EC0-301F-11D3-BF4B-00C04F79EFBC}") = "AutoAuthenKMITL", "AutoAuthenKMITL\AutoAuthenKMITL.csproj", "{DC28A632-61E5-479E-BE5A-C3636062CBC7}"
EndProject
Global
	GlobalSection(SolutionConfigurationPlatforms) = preSolution
		Debug|Any CPU = Debug|Any CPU
		Release|Any CPU = Release|Any CPU
	EndGlobalSection
	GlobalSection(ProjectConfigurationPlatforms) = postSolution
		{DC28A632-61E5-479E-BE5A-C3636062CBC7}.Debug|Any CPU.ActiveCfg = Debug|Any CPU
		{DC28A632-61E5-479E-BE5A-C3636062CBC7}.Debug|Any CPU.Build.0 = Debug|Any CPU
		{DC28A632-61E5-479E-BE5A-C3636062CBC7}.Release|Any CPU.ActiveCfg = Release|Any CPU
		{DC28A632-61E5-479E-BE5A-C3636062CBC7}.Release|Any CPU.Build.0 = Release|Any CPU
	EndGlobalSection
	GlobalSection(SolutionProperties) = preSolution
		HideSolutionNode = FALSE
	EndGlobalSection
	GlobalSection(ExtensibilityGlobals) = postSolution
		SolutionGuid = {C273303D-3592-4184-912C-33046C512721}
	EndGlobalSection
EndGlobal
